
Microsoft Visual Studio Solution File, Format Version 12.00
# Visual Studio Version 17
VisualStudioVersion = 17.7.34202.233
MinimumVisualStudioVersion = 10.0.40219.1
Project("{8BC9CEB8-8B4A-11D0-8D11-00A0C91BC942}") = "Classic Cryptography", "Classic Cryptography.vcxproj", "{7C30AD0B-EC74-469C-8EA8-ADEB943FF380}"
EndProject
Global
	GlobalSection(SolutionConfigurationPlatforms) = preSolution
		Debug|x64 = Debug|x64
		Release|x64 = Release|x64
	EndGlobalSection
	GlobalSection(ProjectConfigurationPlatforms) = postSolution
		{7C30AD0B-EC74-469C-8EA8-ADEB943FF380}.Debug|x64.ActiveCfg = Debug|x64
		{7C30AD0B-EC74-469C-8EA8-ADEB943FF380}.Debug|x64.Build.0 = Debug|x64
		{7C30AD0B-EC74-469C-8EA8-ADEB943FF380}.Release|x64.ActiveCfg = Release|x64
		{7C30AD0B-EC74-469C-8EA8-ADEB943FF380}.Release|x64.Build.0 = Release|x64
	EndGlobalSection
	GlobalSection(SolutionProperties) = preSolution
		HideSolutionNode = FALSE
	EndGlobalSection
	GlobalSection(ExtensibilityGlobals) = postSolution
		SolutionGuid = {8EAF5321-2343-431F-A829-B7C882CE2EC6}
	EndGlobalSection
EndGlobal
